
Microsoft Visual Studio Solution File, Format Version 12.00
# Visual Studio Version 17
VisualStudioVersion = 17.0.31903.59
MinimumVisualStudioVersion = 10.0.40219.1
Project("{2150E333-8FDC-42A3-9474-1A3956D46DE8}") = "src", "src", "{827E0CD3-B72D-47B6-A68D-7590B98EB39B}"
EndProject
Project("{2150E333-8FDC-42A3-9474-1A3956D46DE8}") = "Core", "Core", "{8D626EA8-CB54-BC41-363A-217881BEBA6E}"
EndProject
Project("{FAE04EC0-301F-11D3-BF4B-00C04F79EFBC}") = "PW.Domain", "src\Core\PW.Domain\PW.Domain.csproj", "{2B0BE2A5-31D6-4877-9A86-E40F24C0F95F}"
EndProject
Project("{FAE04EC0-301F-11D3-BF4B-00C04F79EFBC}") = "PW.Application", "src\Core\PW.Application\PW.Application.csproj", "{C48568E9-53F4-49C1-9D2A-62755FCCBF0D}"
EndProject
Project("{2150E333-8FDC-42A3-9474-1A3956D46DE8}") = "Infrastructure", "Infrastructure", "{9048EB7F-3875-A59E-E36B-5BD4C6F2A282}"
EndProject
Project("{FAE04EC0-301F-11D3-BF4B-00C04F79EFBC}") = "PW.Persistence", "src\Infrastructure\PW.Persistence\PW.Persistence.csproj", "{9BDBC53E-6157-441B-ABBA-747A6F0D0F11}"
EndProject
Project("{2150E333-8FDC-42A3-9474-1A3956D46DE8}") = "Presentation", "Presentation", "{6996BBF7-DB31-59BC-C7DD-9A7CCC6138C4}"
EndProject
Project("{FAE04EC0-301F-11D3-BF4B-00C04F79EFBC}") = "PW.Web", "src\Presentation\PW.Web\PW.Web.csproj", "{8377BE06-294F-4C10-BE7B-8072B91E5921}"
EndProject
Global
	GlobalSection(SolutionConfigurationPlatforms) = preSolution
		Debug|Any CPU = Debug|Any CPU
		Debug|x64 = Debug|x64
		Debug|x86 = Debug|x86
		Release|Any CPU = Release|Any CPU
		Release|x64 = Release|x64
		Release|x86 = Release|x86
	EndGlobalSection
	GlobalSection(ProjectConfigurationPlatforms) = postSolution
		{2B0BE2A5-31D6-4877-9A86-E40F24C0F95F}.Debug|Any CPU.ActiveCfg = Debug|Any CPU
		{2B0BE2A5-31D6-4877-9A86-E40F24C0F95F}.Debug|Any CPU.Build.0 = Debug|Any CPU
		{2B0BE2A5-31D6-4877-9A86-E40F24C0F95F}.Debug|x64.ActiveCfg = Debug|Any CPU
		{2B0BE2A5-31D6-4877-9A86-E40F24C0F95F}.Debug|x64.Build.0 = Debug|Any CPU
		{2B0BE2A5-31D6-4877-9A86-E40F24C0F95F}.Debug|x86.ActiveCfg = Debug|Any CPU
		{2B0BE2A5-31D6-4877-9A86-E40F24C0F95F}.Debug|x86.Build.0 = Debug|Any CPU
		{2B0BE2A5-31D6-4877-9A86-E40F24C0F95F}.Release|Any CPU.ActiveCfg = Release|Any CPU
		{2B0BE2A5-31D6-4877-9A86-E40F24C0F95F}.Release|Any CPU.Build.0 = Release|Any CPU
		{2B0BE2A5-31D6-4877-9A86-E40F24C0F95F}.Release|x64.ActiveCfg = Release|Any CPU
		{2B0BE2A5-31D6-4877-9A86-E40F24C0F95F}.Release|x64.Build.0 = Release|Any CPU
		{2B0BE2A5-31D6-4877-9A86-E40F24C0F95F}.Release|x86.ActiveCfg = Release|Any CPU
		{2B0BE2A5-31D6-4877-9A86-E40F24C0F95F}.Release|x86.Build.0 = Release|Any CPU
		{C48568E9-53F4-49C1-9D2A-62755FCCBF0D}.Debug|Any CPU.ActiveCfg = Debug|Any CPU
		{C48568E9-53F4-49C1-9D2A-62755FCCBF0D}.Debug|Any CPU.Build.0 = Debug|Any CPU
		{C48568E9-53F4-49C1-9D2A-62755FCCBF0D}.Debug|x64.ActiveCfg = Debug|Any CPU
		{C48568E9-53F4-49C1-9D2A-62755FCCBF0D}.Debug|x64.Build.0 = Debug|Any CPU
		{C48568E9-53F4-49C1-9D2A-62755FCCBF0D}.Debug|x86.ActiveCfg = Debug|Any CPU
		{C48568E9-53F4-49C1-9D2A-62755FCCBF0D}.Debug|x86.Build.0 = Debug|Any CPU
		{C48568E9-53F4-49C1-9D2A-62755FCCBF0D}.Release|Any CPU.ActiveCfg = Release|Any CPU
		{C48568E9-53F4-49C1-9D2A-62755FCCBF0D}.Release|Any CPU.Build.0 = Release|Any CPU
		{C48568E9-53F4-49C1-9D2A-62755FCCBF0D}.Release|x64.ActiveCfg = Release|Any CPU
		{C48568E9-53F4-49C1-9D2A-62755FCCBF0D}.Release|x64.Build.0 = Release|Any CPU
		{C48568E9-53F4-49C1-9D2A-62755FCCBF0D}.Release|x86.ActiveCfg = Release|Any CPU
		{C48568E9-53F4-49C1-9D2A-62755FCCBF0D}.Release|x86.Build.0 = Release|Any CPU
		{9BDBC53E-6157-441B-ABBA-747A6F0D0F11}.Debug|Any CPU.ActiveCfg = Debug|Any CPU
		{9BDBC53E-6157-441B-ABBA-747A6F0D0F11}.Debug|Any CPU.Build.0 = Debug|Any CPU
		{9BDBC53E-6157-441B-ABBA-747A6F0D0F11}.Debug|x64.ActiveCfg = Debug|Any CPU
		{9BDBC53E-6157-441B-ABBA-747A6F0D0F11}.Debug|x64.Build.0 = Debug|Any CPU
		{9BDBC53E-6157-441B-ABBA-747A6F0D0F11}.Debug|x86.ActiveCfg = Debug|Any CPU
		{9BDBC53E-6157-441B-ABBA-747A6F0D0F11}.Debug|x86.Build.0 = Debug|Any CPU
		{9BDBC53E-6157-441B-ABBA-747A6F0D0F11}.Release|Any CPU.ActiveCfg = Release|Any CPU
		{9BDBC53E-6157-441B-ABBA-747A6F0D0F11}.Release|Any CPU.Build.0 = Release|Any CPU
		{9BDBC53E-6157-441B-ABBA-747A6F0D0F11}.Release|x64.ActiveCfg = Release|Any CPU
		{9BDBC53E-6157-441B-ABBA-747A6F0D0F11}.Release|x64.Build.0 = Release|Any CPU
		{9BDBC53E-6157-441B-ABBA-747A6F0D0F11}.Release|x86.ActiveCfg = Release|Any CPU
		{9BDBC53E-6157-441B-ABBA-747A6F0D0F11}.Release|x86.Build.0 = Release|Any CPU
		{8377BE06-294F-4C10-BE7B-8072B91E5921}.Debug|Any CPU.ActiveCfg = Debug|Any CPU
		{8377BE06-294F-4C10-BE7B-8072B91E5921}.Debug|Any CPU.Build.0 = Debug|Any CPU
		{8377BE06-294F-4C10-BE7B-8072B91E5921}.Debug|x64.ActiveCfg = Debug|Any CPU
		{8377BE06-294F-4C10-BE7B-8072B91E5921}.Debug|x64.Build.0 = Debug|Any CPU
		{8377BE06-294F-4C10-BE7B-8072B91E5921}.Debug|x86.ActiveCfg = Debug|Any CPU
		{8377BE06-294F-4C10-BE7B-8072B91E5921}.Debug|x86.Build.0 = Debug|Any CPU
		{8377BE06-294F-4C10-BE7B-8072B91E5921}.Release|Any CPU.ActiveCfg = Release|Any CPU
		{8377BE06-294F-4C10-BE7B-8072B91E5921}.Release|Any CPU.Build.0 = Release|Any CPU
		{8377BE06-294F-4C10-BE7B-8072B91E5921}.Release|x64.ActiveCfg = Release|Any CPU
		{8377BE06-294F-4C10-BE7B-8072B91E5921}.Release|x64.Build.0 = Release|Any CPU
		{8377BE06-294F-4C10-BE7B-8072B91E5921}.Release|x86.ActiveCfg = Release|Any CPU
		{8377BE06-294F-4C10-BE7B-8072B91E5921}.Release|x86.Build.0 = Release|Any CPU
	EndGlobalSection
	GlobalSection(SolutionProperties) = preSolution
		HideSolutionNode = FALSE
	EndGlobalSection
	GlobalSection(NestedProjects) = preSolution
		{8D626EA8-CB54-BC41-363A-217881BEBA6E} = {827E0CD3-B72D-47B6-A68D-7590B98EB39B}
		{2B0BE2A5-31D6-4877-9A86-E40F24C0F95F} = {8D626EA8-CB54-BC41-363A-217881BEBA6E}
		{C48568E9-53F4-49C1-9D2A-62755FCCBF0D} = {8D626EA8-CB54-BC41-363A-217881BEBA6E}
		{9048EB7F-3875-A59E-E36B-5BD4C6F2A282} = {827E0CD3-B72D-47B6-A68D-7590B98EB39B}
		{9BDBC53E-6157-441B-ABBA-747A6F0D0F11} = {9048EB7F-3875-A59E-E36B-5BD4C6F2A282}
		{6996BBF7-DB31-59BC-C7DD-9A7CCC6138C4} = {827E0CD3-B72D-47B6-A68D-7590B98EB39B}
		{8377BE06-294F-4C10-BE7B-8072B91E5921} = {6996BBF7-DB31-59BC-C7DD-9A7CCC6138C4}
	EndGlobalSection
EndGlobal
