Microsoft Visual Studio Solution File, Format Version 12.00
# Visual Studio Version 17
VisualStudioVersion = 17.5.2.0
MinimumVisualStudioVersion = 10.0.40219.1
Project("{FAE04EC0-301F-11D3-BF4B-00C04F79EFBC}") = "PW.Admin.Web", "PW.Admin.Web.csproj", "{048E3C9F-4B83-2EF1-D5F5-7D02325A2CEA}"
EndProject
Global
	GlobalSection(SolutionConfigurationPlatforms) = preSolution
		Debug|Any CPU = Debug|Any CPU
		Release|Any CPU = Release|Any CPU
	EndGlobalSection
	GlobalSection(ProjectConfigurationPlatforms) = postSolution
		{048E3C9F-4B83-2EF1-D5F5-7D02325A2CEA}.Debug|Any CPU.ActiveCfg = Debug|Any CPU
		{048E3C9F-4B83-2EF1-D5F5-7D02325A2CEA}.Debug|Any CPU.Build.0 = Debug|Any CPU
		{048E3C9F-4B83-2EF1-D5F5-7D02325A2CEA}.Release|Any CPU.ActiveCfg = Release|Any CPU
		{048E3C9F-4B83-2EF1-D5F5-7D02325A2CEA}.Release|Any CPU.Build.0 = Release|Any CPU
	EndGlobalSection
	GlobalSection(SolutionProperties) = preSolution
		HideSolutionNode = FALSE
	EndGlobalSection
	GlobalSection(ExtensibilityGlobals) = postSolution
		SolutionGuid = {05113447-293F-4516-994C-F3A9C2562BEF}
	EndGlobalSection
EndGlobal
